// !$*UTF8*$!
{
	archiveVersion = 1;
	classes = {
	};
	objectVersion = 52;
	objects = {

/* Begin PBXBuildFile section */
		5002176925626F970056793E /* StringExtension.swift in Sources */ = {isa = PBXBuildFile; fileRef = 5002176825626F970056793E /* StringExtension.swift */; };
		50192FF725554585006F137F /* ISBNManualInput.swift in Sources */ = {isa = PBXBuildFile; fileRef = 50192FF625554585006F137F /* ISBNManualInput.swift */; };
		50192FFF25554777006F137F /* ISBNFormatter.swift in Sources */ = {isa = PBXBuildFile; fileRef = 50192FFE25554777006F137F /* ISBNFormatter.swift */; };
		50288BBB255D5D1700D547AE /* ISBNFormatterTests.swift in Sources */ = {isa = PBXBuildFile; fileRef = 50288BBA255D5D1700D547AE /* ISBNFormatterTests.swift */; };
		50288BC0255D5FCA00D547AE /* OpenBDAPITests.swift in Sources */ = {isa = PBXBuildFile; fileRef = 50288BBF255D5FCA00D547AE /* OpenBDAPITests.swift */; };
		50338A7825666032006CF00D /* MailView.swift in Sources */ = {isa = PBXBuildFile; fileRef = 50338A7725666032006CF00D /* MailView.swift */; };
		50338A7D256660FB006CF00D /* MessageUI.framework in Frameworks */ = {isa = PBXBuildFile; fileRef = 50338A7C256660FB006CF00D /* MessageUI.framework */; };
		50338A822566DC63006CF00D /* BundleExtension.swift in Sources */ = {isa = PBXBuildFile; fileRef = 50338A812566DC63006CF00D /* BundleExtension.swift */; };
		50338A8725678C51006CF00D /* UIDeviceExtension.swift in Sources */ = {isa = PBXBuildFile; fileRef = 50338A8625678C51006CF00D /* UIDeviceExtension.swift */; };
		50338A8C2567B39D006CF00D /* CoreSpotlight.framework in Frameworks */ = {isa = PBXBuildFile; fileRef = 50338A8B2567B39D006CF00D /* CoreSpotlight.framework */; };
		50338AA12567CC65006CF00D /* SpotlightManager.swift in Sources */ = {isa = PBXBuildFile; fileRef = 50338AA02567CC65006CF00D /* SpotlightManager.swift */; };
		506BB43D255E03D20021C1FE /* ISBNTextField.swift in Sources */ = {isa = PBXBuildFile; fileRef = 506BB43C255E03D20021C1FE /* ISBNTextField.swift */; };
		506BB442255E51070021C1FE /* CSVExproter.swift in Sources */ = {isa = PBXBuildFile; fileRef = 506BB441255E51070021C1FE /* CSVExproter.swift */; };
		506BB447255E82620021C1FE /* CSVExportView.swift in Sources */ = {isa = PBXBuildFile; fileRef = 506BB446255E82620021C1FE /* CSVExportView.swift */; };
		506BB44C255E8FBC0021C1FE /* ActivityView.swift in Sources */ = {isa = PBXBuildFile; fileRef = 506BB44B255E8FBC0021C1FE /* ActivityView.swift */; };
		50728B8F255F9A920041E57F /* ViewControllerResolver.swift in Sources */ = {isa = PBXBuildFile; fileRef = 50728B8E255F9A920041E57F /* ViewControllerResolver.swift */; };
		50728B96255FAABE0041E57F /* SearchControllerProvider.swift in Sources */ = {isa = PBXBuildFile; fileRef = 50728B95255FAABE0041E57F /* SearchControllerProvider.swift */; };
		50728BA3255FEE1D0041E57F /* TextCopyModifier.swift in Sources */ = {isa = PBXBuildFile; fileRef = 50728BA2255FEE1D0041E57F /* TextCopyModifier.swift */; };
		50728BB325601D280041E57F /* FetchResultsList.swift in Sources */ = {isa = PBXBuildFile; fileRef = 50728BB225601D280041E57F /* FetchResultsList.swift */; };
		50728BB8256038860041E57F /* acknowledgments.json in Resources */ = {isa = PBXBuildFile; fileRef = 50728BB7256038860041E57F /* acknowledgments.json */; };
		50728BBD25603BB00041E57F /* AcknowledgmentsItem.swift in Sources */ = {isa = PBXBuildFile; fileRef = 50728BBC25603BB00041E57F /* AcknowledgmentsItem.swift */; };
		50728BC32560412A0041E57F /* AcknowledgmentsData.swift in Sources */ = {isa = PBXBuildFile; fileRef = 50728BC22560412A0041E57F /* AcknowledgmentsData.swift */; };
		50728BC82560428B0041E57F /* AcknowledgmentsList.swift in Sources */ = {isa = PBXBuildFile; fileRef = 50728BC72560428B0041E57F /* AcknowledgmentsList.swift */; };
		50728BD02560448D0041E57F /* AcknowledgmentsDetail.swift in Sources */ = {isa = PBXBuildFile; fileRef = 50728BCF2560448D0041E57F /* AcknowledgmentsDetail.swift */; };
		507BBCA72560EE860037B04D /* SortManager.swift in Sources */ = {isa = PBXBuildFile; fileRef = 507BBCA62560EE860037B04D /* SortManager.swift */; };
		509A10A1254727E100BFB882 /* Books2App.swift in Sources */ = {isa = PBXBuildFile; fileRef = 509A10A0254727E100BFB882 /* Books2App.swift */; };
		509A10A3254727E100BFB882 /* ContentView.swift in Sources */ = {isa = PBXBuildFile; fileRef = 509A10A2254727E100BFB882 /* ContentView.swift */; };
		509A10A5254727E300BFB882 /* Assets.xcassets in Resources */ = {isa = PBXBuildFile; fileRef = 509A10A4254727E300BFB882 /* Assets.xcassets */; };
		509A10A8254727E300BFB882 /* Preview Assets.xcassets in Resources */ = {isa = PBXBuildFile; fileRef = 509A10A7254727E300BFB882 /* Preview Assets.xcassets */; };
		509A10AA254727E300BFB882 /* Persistence.swift in Sources */ = {isa = PBXBuildFile; fileRef = 509A10A9254727E300BFB882 /* Persistence.swift */; };
		509A10AD254727E300BFB882 /* Books2.xcdatamodeld in Sources */ = {isa = PBXBuildFile; fileRef = 509A10AB254727E300BFB882 /* Books2.xcdatamodeld */; };
		509A10B8254727E300BFB882 /* Books2Tests.swift in Sources */ = {isa = PBXBuildFile; fileRef = 509A10B7254727E300BFB882 /* Books2Tests.swift */; };
		509A10C3254727E300BFB882 /* Books2UITests.swift in Sources */ = {isa = PBXBuildFile; fileRef = 509A10C2254727E300BFB882 /* Books2UITests.swift */; };
		509A10DF2547D74A00BFB882 /* OpenBDAPI.swift in Sources */ = {isa = PBXBuildFile; fileRef = 509A10DE2547D74A00BFB882 /* OpenBDAPI.swift */; };
		509A10E42547D7D000BFB882 /* AcknowledgementsText.swift in Sources */ = {isa = PBXBuildFile; fileRef = 509A10E32547D7D000BFB882 /* AcknowledgementsText.swift */; };
		509A10F1254872E700BFB882 /* ScannerView.swift in Sources */ = {isa = PBXBuildFile; fileRef = 509A10F0254872E700BFB882 /* ScannerView.swift */; };
		509A1114254873A600BFB882 /* CaptureView.swift in Sources */ = {isa = PBXBuildFile; fileRef = 509A1113254873A600BFB882 /* CaptureView.swift */; };
		509A1115254873A600BFB882 /* PreviewView.swift in Sources */ = {isa = PBXBuildFile; fileRef = 509A1112254873A600BFB882 /* PreviewView.swift */; };
		509A1116254873A600BFB882 /* CaptureViewController.swift in Sources */ = {isa = PBXBuildFile; fileRef = 509A1110254873A600BFB882 /* CaptureViewController.swift */; };
		50A603DF255D941C00E0E3DD /* BookInfoProtocol.swift in Sources */ = {isa = PBXBuildFile; fileRef = 50A603DE255D941C00E0E3DD /* BookInfoProtocol.swift */; };
		50B19C542549BA47001358B8 /* BookView.swift in Sources */ = {isa = PBXBuildFile; fileRef = 50B19C532549BA47001358B8 /* BookView.swift */; };
		50B19C592549BDD3001358B8 /* URLImage.swift in Sources */ = {isa = PBXBuildFile; fileRef = 50B19C582549BDD3001358B8 /* URLImage.swift */; };
		50B19C5E2549BDE2001358B8 /* ImageCache.swift in Sources */ = {isa = PBXBuildFile; fileRef = 50B19C5D2549BDE2001358B8 /* ImageCache.swift */; };
		50B19C63254A59FE001358B8 /* BookDetail.swift in Sources */ = {isa = PBXBuildFile; fileRef = 50B19C62254A59FE001358B8 /* BookDetail.swift */; };
		50B19C67254A5E48001358B8 /* CaptureViewController.xib in Resources */ = {isa = PBXBuildFile; fileRef = 509A1111254873A600BFB882 /* CaptureViewController.xib */; };
		50CF4A89254AC54700E698CB /* SwiftUIX in Frameworks */ = {isa = PBXBuildFile; productRef = 50CF4A88254AC54700E698CB /* SwiftUIX */; };
		50CF4A95254ADE3D00E698CB /* CloudKit.framework in Frameworks */ = {isa = PBXBuildFile; fileRef = 50CF4A94254ADE3D00E698CB /* CloudKit.framework */; };
		50D547652560539500B8F568 /* URLExtension.swift in Sources */ = {isa = PBXBuildFile; fileRef = 50D547642560539500B8F568 /* URLExtension.swift */; };
		50D5476D25605B2E00B8F568 /* AboutView.swift in Sources */ = {isa = PBXBuildFile; fileRef = 50D5476C25605B2E00B8F568 /* AboutView.swift */; };
		50E7994F254D7CDB00C7816D /* NotificationNames.swift in Sources */ = {isa = PBXBuildFile; fileRef = 50E7994E254D7CDB00C7816D /* NotificationNames.swift */; };
		50E79954254D89C200C7816D /* Settings.swift in Sources */ = {isa = PBXBuildFile; fileRef = 50E79953254D89C200C7816D /* Settings.swift */; };
		50E79959254D8C1300C7816D /* UserDefaultsKeys.swift in Sources */ = {isa = PBXBuildFile; fileRef = 50E79958254D8C1300C7816D /* UserDefaultsKeys.swift */; };
		50E7FD55255DFDED0084DD4F /* SwiftyJSON in Frameworks */ = {isa = PBXBuildFile; productRef = 50E7FD54255DFDED0084DD4F /* SwiftyJSON */; };
/* End PBXBuildFile section */

/* Begin PBXContainerItemProxy section */
		509A10B4254727E300BFB882 /* PBXContainerItemProxy */ = {
			isa = PBXContainerItemProxy;
			containerPortal = 509A1095254727E100BFB882 /* Project object */;
			proxyType = 1;
			remoteGlobalIDString = 509A109C254727E100BFB882;
			remoteInfo = Books2;
		};
		509A10BF254727E300BFB882 /* PBXContainerItemProxy */ = {
			isa = PBXContainerItemProxy;
			containerPortal = 509A1095254727E100BFB882 /* Project object */;
			proxyType = 1;
			remoteGlobalIDString = 509A109C254727E100BFB882;
			remoteInfo = Books2;
		};
/* End PBXContainerItemProxy section */

/* Begin PBXFileReference section */
		5002176825626F970056793E /* StringExtension.swift */ = {isa = PBXFileReference; lastKnownFileType = sourcecode.swift; path = StringExtension.swift; sourceTree = "<group>"; };
		50192FF625554585006F137F /* ISBNManualInput.swift */ = {isa = PBXFileReference; lastKnownFileType = sourcecode.swift; path = ISBNManualInput.swift; sourceTree = "<group>"; };
		50192FFE25554777006F137F /* ISBNFormatter.swift */ = {isa = PBXFileReference; lastKnownFileType = sourcecode.swift; path = ISBNFormatter.swift; sourceTree = "<group>"; };
		50288BBA255D5D1700D547AE /* ISBNFormatterTests.swift */ = {isa = PBXFileReference; lastKnownFileType = sourcecode.swift; path = ISBNFormatterTests.swift; sourceTree = "<group>"; };
		50288BBF255D5FCA00D547AE /* OpenBDAPITests.swift */ = {isa = PBXFileReference; lastKnownFileType = sourcecode.swift; path = OpenBDAPITests.swift; sourceTree = "<group>"; };
		50338A7725666032006CF00D /* MailView.swift */ = {isa = PBXFileReference; lastKnownFileType = sourcecode.swift; path = MailView.swift; sourceTree = "<group>"; };
		50338A7C256660FB006CF00D /* MessageUI.framework */ = {isa = PBXFileReference; lastKnownFileType = wrapper.framework; name = MessageUI.framework; path = System/Library/Frameworks/MessageUI.framework; sourceTree = SDKROOT; };
		50338A812566DC63006CF00D /* BundleExtension.swift */ = {isa = PBXFileReference; lastKnownFileType = sourcecode.swift; path = BundleExtension.swift; sourceTree = "<group>"; };
		50338A8625678C51006CF00D /* UIDeviceExtension.swift */ = {isa = PBXFileReference; lastKnownFileType = sourcecode.swift; path = UIDeviceExtension.swift; sourceTree = "<group>"; };
		50338A8B2567B39D006CF00D /* CoreSpotlight.framework */ = {isa = PBXFileReference; lastKnownFileType = wrapper.framework; name = CoreSpotlight.framework; path = System/Library/Frameworks/CoreSpotlight.framework; sourceTree = SDKROOT; };
		50338AA02567CC65006CF00D /* SpotlightManager.swift */ = {isa = PBXFileReference; lastKnownFileType = sourcecode.swift; path = SpotlightManager.swift; sourceTree = "<group>"; };
		506BB43C255E03D20021C1FE /* ISBNTextField.swift */ = {isa = PBXFileReference; lastKnownFileType = sourcecode.swift; path = ISBNTextField.swift; sourceTree = "<group>"; };
		506BB441255E51070021C1FE /* CSVExproter.swift */ = {isa = PBXFileReference; lastKnownFileType = sourcecode.swift; path = CSVExproter.swift; sourceTree = "<group>"; };
		506BB446255E82620021C1FE /* CSVExportView.swift */ = {isa = PBXFileReference; lastKnownFileType = sourcecode.swift; path = CSVExportView.swift; sourceTree = "<group>"; };
		506BB44B255E8FBC0021C1FE /* ActivityView.swift */ = {isa = PBXFileReference; lastKnownFileType = sourcecode.swift; path = ActivityView.swift; sourceTree = "<group>"; };
		50728B8E255F9A920041E57F /* ViewControllerResolver.swift */ = {isa = PBXFileReference; lastKnownFileType = sourcecode.swift; path = ViewControllerResolver.swift; sourceTree = "<group>"; };
		50728B95255FAABE0041E57F /* SearchControllerProvider.swift */ = {isa = PBXFileReference; lastKnownFileType = sourcecode.swift; path = SearchControllerProvider.swift; sourceTree = "<group>"; };
		50728BA2255FEE1D0041E57F /* TextCopyModifier.swift */ = {isa = PBXFileReference; lastKnownFileType = sourcecode.swift; path = TextCopyModifier.swift; sourceTree = "<group>"; };
		50728BB225601D280041E57F /* FetchResultsList.swift */ = {isa = PBXFileReference; lastKnownFileType = sourcecode.swift; path = FetchResultsList.swift; sourceTree = "<group>"; };
		50728BB7256038860041E57F /* acknowledgments.json */ = {isa = PBXFileReference; fileEncoding = 4; lastKnownFileType = text.json; path = acknowledgments.json; sourceTree = "<group>"; };
		50728BBC25603BB00041E57F /* AcknowledgmentsItem.swift */ = {isa = PBXFileReference; lastKnownFileType = sourcecode.swift; path = AcknowledgmentsItem.swift; sourceTree = "<group>"; };
		50728BC22560412A0041E57F /* AcknowledgmentsData.swift */ = {isa = PBXFileReference; lastKnownFileType = sourcecode.swift; path = AcknowledgmentsData.swift; sourceTree = "<group>"; };
		50728BC72560428B0041E57F /* AcknowledgmentsList.swift */ = {isa = PBXFileReference; lastKnownFileType = sourcecode.swift; path = AcknowledgmentsList.swift; sourceTree = "<group>"; };
		50728BCF2560448D0041E57F /* AcknowledgmentsDetail.swift */ = {isa = PBXFileReference; lastKnownFileType = sourcecode.swift; path = AcknowledgmentsDetail.swift; sourceTree = "<group>"; };
		507BBCA62560EE860037B04D /* SortManager.swift */ = {isa = PBXFileReference; lastKnownFileType = sourcecode.swift; path = SortManager.swift; sourceTree = "<group>"; };
		509A109D254727E100BFB882 /* Books2.app */ = {isa = PBXFileReference; explicitFileType = wrapper.application; includeInIndex = 0; path = Books2.app; sourceTree = BUILT_PRODUCTS_DIR; };
		509A10A0254727E100BFB882 /* Books2App.swift */ = {isa = PBXFileReference; lastKnownFileType = sourcecode.swift; path = Books2App.swift; sourceTree = "<group>"; };
		509A10A2254727E100BFB882 /* ContentView.swift */ = {isa = PBXFileReference; lastKnownFileType = sourcecode.swift; path = ContentView.swift; sourceTree = "<group>"; };
		509A10A4254727E300BFB882 /* Assets.xcassets */ = {isa = PBXFileReference; lastKnownFileType = folder.assetcatalog; path = Assets.xcassets; sourceTree = "<group>"; };
		509A10A7254727E300BFB882 /* Preview Assets.xcassets */ = {isa = PBXFileReference; lastKnownFileType = folder.assetcatalog; path = "Preview Assets.xcassets"; sourceTree = "<group>"; };
		509A10A9254727E300BFB882 /* Persistence.swift */ = {isa = PBXFileReference; lastKnownFileType = sourcecode.swift; path = Persistence.swift; sourceTree = "<group>"; };
		509A10AC254727E300BFB882 /* Books2.xcdatamodel */ = {isa = PBXFileReference; lastKnownFileType = wrapper.xcdatamodel; path = Books2.xcdatamodel; sourceTree = "<group>"; };
		509A10AE254727E300BFB882 /* Info.plist */ = {isa = PBXFileReference; lastKnownFileType = text.plist.xml; path = Info.plist; sourceTree = "<group>"; };
		509A10B3254727E300BFB882 /* Books2Tests.xctest */ = {isa = PBXFileReference; explicitFileType = wrapper.cfbundle; includeInIndex = 0; path = Books2Tests.xctest; sourceTree = BUILT_PRODUCTS_DIR; };
		509A10B7254727E300BFB882 /* Books2Tests.swift */ = {isa = PBXFileReference; lastKnownFileType = sourcecode.swift; path = Books2Tests.swift; sourceTree = "<group>"; };
		509A10B9254727E300BFB882 /* Info.plist */ = {isa = PBXFileReference; lastKnownFileType = text.plist.xml; path = Info.plist; sourceTree = "<group>"; };
		509A10BE254727E300BFB882 /* Books2UITests.xctest */ = {isa = PBXFileReference; explicitFileType = wrapper.cfbundle; includeInIndex = 0; path = Books2UITests.xctest; sourceTree = BUILT_PRODUCTS_DIR; };
		509A10C2254727E300BFB882 /* Books2UITests.swift */ = {isa = PBXFileReference; lastKnownFileType = sourcecode.swift; path = Books2UITests.swift; sourceTree = "<group>"; };
		509A10C4254727E300BFB882 /* Info.plist */ = {isa = PBXFileReference; lastKnownFileType = text.plist.xml; path = Info.plist; sourceTree = "<group>"; };
		509A10DE2547D74A00BFB882 /* OpenBDAPI.swift */ = {isa = PBXFileReference; fileEncoding = 4; lastKnownFileType = sourcecode.swift; path = OpenBDAPI.swift; sourceTree = "<group>"; };
		509A10E32547D7D000BFB882 /* AcknowledgementsText.swift */ = {isa = PBXFileReference; fileEncoding = 4; lastKnownFileType = sourcecode.swift; path = AcknowledgementsText.swift; sourceTree = "<group>"; };
		509A10F0254872E700BFB882 /* ScannerView.swift */ = {isa = PBXFileReference; fileEncoding = 4; lastKnownFileType = sourcecode.swift; path = ScannerView.swift; sourceTree = "<group>"; };
		509A1110254873A600BFB882 /* CaptureViewController.swift */ = {isa = PBXFileReference; lastKnownFileType = sourcecode.swift; path = CaptureViewController.swift; sourceTree = "<group>"; };
		509A1111254873A600BFB882 /* CaptureViewController.xib */ = {isa = PBXFileReference; lastKnownFileType = file.xib; path = CaptureViewController.xib; sourceTree = "<group>"; };
		509A1112254873A600BFB882 /* PreviewView.swift */ = {isa = PBXFileReference; lastKnownFileType = sourcecode.swift; path = PreviewView.swift; sourceTree = "<group>"; };
		509A1113254873A600BFB882 /* CaptureView.swift */ = {isa = PBXFileReference; lastKnownFileType = sourcecode.swift; path = CaptureView.swift; sourceTree = "<group>"; };
		50A603DE255D941C00E0E3DD /* BookInfoProtocol.swift */ = {isa = PBXFileReference; lastKnownFileType = sourcecode.swift; path = BookInfoProtocol.swift; sourceTree = "<group>"; };
		50B19C532549BA47001358B8 /* BookView.swift */ = {isa = PBXFileReference; fileEncoding = 4; lastKnownFileType = sourcecode.swift; path = BookView.swift; sourceTree = "<group>"; };
		50B19C582549BDD3001358B8 /* URLImage.swift */ = {isa = PBXFileReference; fileEncoding = 4; lastKnownFileType = sourcecode.swift; path = URLImage.swift; sourceTree = "<group>"; };
		50B19C5D2549BDE2001358B8 /* ImageCache.swift */ = {isa = PBXFileReference; fileEncoding = 4; lastKnownFileType = sourcecode.swift; path = ImageCache.swift; sourceTree = "<group>"; };
		50B19C62254A59FE001358B8 /* BookDetail.swift */ = {isa = PBXFileReference; fileEncoding = 4; lastKnownFileType = sourcecode.swift; path = BookDetail.swift; sourceTree = "<group>"; };
		50CF4A81254ABC7500E698CB /* SwiftUIX-master */ = {isa = PBXFileReference; lastKnownFileType = folder; name = "SwiftUIX-master"; path = "../SwiftUIX-master"; sourceTree = "<group>"; };
		50CF4A90254ADE2500E698CB /* Books2.entitlements */ = {isa = PBXFileReference; lastKnownFileType = text.plist.entitlements; path = Books2.entitlements; sourceTree = "<group>"; };
		50CF4A94254ADE3D00E698CB /* CloudKit.framework */ = {isa = PBXFileReference; lastKnownFileType = wrapper.framework; name = CloudKit.framework; path = System/Library/Frameworks/CloudKit.framework; sourceTree = SDKROOT; };
		50D547642560539500B8F568 /* URLExtension.swift */ = {isa = PBXFileReference; lastKnownFileType = sourcecode.swift; path = URLExtension.swift; sourceTree = "<group>"; };
		50D5476C25605B2E00B8F568 /* AboutView.swift */ = {isa = PBXFileReference; lastKnownFileType = sourcecode.swift; path = AboutView.swift; sourceTree = "<group>"; };
		50E7994E254D7CDB00C7816D /* NotificationNames.swift */ = {isa = PBXFileReference; lastKnownFileType = sourcecode.swift; path = NotificationNames.swift; sourceTree = "<group>"; };
		50E79953254D89C200C7816D /* Settings.swift */ = {isa = PBXFileReference; lastKnownFileType = sourcecode.swift; path = Settings.swift; sourceTree = "<group>"; };
		50E79958254D8C1300C7816D /* UserDefaultsKeys.swift */ = {isa = PBXFileReference; lastKnownFileType = sourcecode.swift; path = UserDefaultsKeys.swift; sourceTree = "<group>"; };
/* End PBXFileReference section */

/* Begin PBXFrameworksBuildPhase section */
		509A109A254727E100BFB882 /* Frameworks */ = {
			isa = PBXFrameworksBuildPhase;
			buildActionMask = 2147483647;
			files = (
				50E7FD55255DFDED0084DD4F /* SwiftyJSON in Frameworks */,
				50CF4A95254ADE3D00E698CB /* CloudKit.framework in Frameworks */,
				50338A8C2567B39D006CF00D /* CoreSpotlight.framework in Frameworks */,
				50338A7D256660FB006CF00D /* MessageUI.framework in Frameworks */,
				50CF4A89254AC54700E698CB /* SwiftUIX in Frameworks */,
			);
			runOnlyForDeploymentPostprocessing = 0;
		};
		509A10B0254727E300BFB882 /* Frameworks */ = {
			isa = PBXFrameworksBuildPhase;
			buildActionMask = 2147483647;
			files = (
			);
			runOnlyForDeploymentPostprocessing = 0;
		};
		509A10BB254727E300BFB882 /* Frameworks */ = {
			isa = PBXFrameworksBuildPhase;
			buildActionMask = 2147483647;
			files = (
			);
			runOnlyForDeploymentPostprocessing = 0;
		};
/* End PBXFrameworksBuildPhase section */

/* Begin PBXGroup section */
		50192FF425554504006F137F /* View */ = {
			isa = PBXGroup;
			children = (
				509A10A2254727E100BFB882 /* ContentView.swift */,
				50B19C532549BA47001358B8 /* BookView.swift */,
				50B19C62254A59FE001358B8 /* BookDetail.swift */,
				50728BB225601D280041E57F /* FetchResultsList.swift */,
				50338A912567B50B006CF00D /* Settings */,
				50338A8D2567B4F1006CF00D /* Controls */,
				509A111D254874C300BFB882 /* Capture */,
			);
			path = View;
			sourceTree = "<group>";
		};
		50192FF525554533006F137F /* Model */ = {
			isa = PBXGroup;
			children = (
				50B19C5D2549BDE2001358B8 /* ImageCache.swift */,
				50338AA02567CC65006CF00D /* SpotlightManager.swift */,
				50E79958254D8C1300C7816D /* UserDefaultsKeys.swift */,
				509A10A9254727E300BFB882 /* Persistence.swift */,
				509A10DE2547D74A00BFB882 /* OpenBDAPI.swift */,
				50192FFE25554777006F137F /* ISBNFormatter.swift */,
				506BB441255E51070021C1FE /* CSVExproter.swift */,
				507BBCA62560EE860037B04D /* SortManager.swift */,
				50A603DE255D941C00E0E3DD /* BookInfoProtocol.swift */,
				50338A9C2567C806006CF00D /* Acknowledgments */,
				50338A982567B565006CF00D /* Extensions */,
			);
			path = Model;
			sourceTree = "<group>";
		};
		50338A8D2567B4F1006CF00D /* Controls */ = {
			isa = PBXGroup;
			children = (
				50B19C582549BDD3001358B8 /* URLImage.swift */,
				50192FF625554585006F137F /* ISBNManualInput.swift */,
				506BB43C255E03D20021C1FE /* ISBNTextField.swift */,
				50728B8E255F9A920041E57F /* ViewControllerResolver.swift */,
				50728B95255FAABE0041E57F /* SearchControllerProvider.swift */,
				50728BA2255FEE1D0041E57F /* TextCopyModifier.swift */,
			);
			path = Controls;
			sourceTree = "<group>";
		};
		50338A912567B50B006CF00D /* Settings */ = {
			isa = PBXGroup;
			children = (
				50E79953254D89C200C7816D /* Settings.swift */,
				506BB446255E82620021C1FE /* CSVExportView.swift */,
				506BB44B255E8FBC0021C1FE /* ActivityView.swift */,
				50728BC72560428B0041E57F /* AcknowledgmentsList.swift */,
				50728BCF2560448D0041E57F /* AcknowledgmentsDetail.swift */,
				50D5476C25605B2E00B8F568 /* AboutView.swift */,
				50338A7725666032006CF00D /* MailView.swift */,
				509A10E32547D7D000BFB882 /* AcknowledgementsText.swift */,
			);
			path = Settings;
			sourceTree = "<group>";
		};
		50338A982567B565006CF00D /* Extensions */ = {
			isa = PBXGroup;
			children = (
				50E7994E254D7CDB00C7816D /* NotificationNames.swift */,
				5002176825626F970056793E /* StringExtension.swift */,
				50D547642560539500B8F568 /* URLExtension.swift */,
				50338A812566DC63006CF00D /* BundleExtension.swift */,
				50338A8625678C51006CF00D /* UIDeviceExtension.swift */,
			);
			path = Extensions;
			sourceTree = "<group>";
		};
		50338A9C2567C806006CF00D /* Acknowledgments */ = {
			isa = PBXGroup;
			children = (
				50728BBC25603BB00041E57F /* AcknowledgmentsItem.swift */,
				50728BC22560412A0041E57F /* AcknowledgmentsData.swift */,
			);
			path = Acknowledgments;
			sourceTree = "<group>";
		};
		509A1094254727E100BFB882 = {
			isa = PBXGroup;
			children = (
				509A109F254727E100BFB882 /* Books2 */,
				509A10B6254727E300BFB882 /* Books2Tests */,
				509A10C1254727E300BFB882 /* Books2UITests */,
				509A109E254727E100BFB882 /* Products */,
				50CF4A80254ABC7500E698CB /* Frameworks */,
			);
			sourceTree = "<group>";
		};
		509A109E254727E100BFB882 /* Products */ = {
			isa = PBXGroup;
			children = (
				509A109D254727E100BFB882 /* Books2.app */,
				509A10B3254727E300BFB882 /* Books2Tests.xctest */,
				509A10BE254727E300BFB882 /* Books2UITests.xctest */,
			);
			name = Products;
			sourceTree = "<group>";
		};
		509A109F254727E100BFB882 /* Books2 */ = {
			isa = PBXGroup;
			children = (
				50CF4A90254ADE2500E698CB /* Books2.entitlements */,
				509A10A0254727E100BFB882 /* Books2App.swift */,
				50192FF425554504006F137F /* View */,
				50192FF525554533006F137F /* Model */,
				509A10AE254727E300BFB882 /* Info.plist */,
				509A10AB254727E300BFB882 /* Books2.xcdatamodeld */,
				50728BB7256038860041E57F /* acknowledgments.json */,
				509A10A4254727E300BFB882 /* Assets.xcassets */,
				509A10A6254727E300BFB882 /* Preview Content */,
			);
			path = Books2;
			sourceTree = "<group>";
		};
		509A10A6254727E300BFB882 /* Preview Content */ = {
			isa = PBXGroup;
			children = (
				509A10A7254727E300BFB882 /* Preview Assets.xcassets */,
			);
			path = "Preview Content";
			sourceTree = "<group>";
		};
		509A10B6254727E300BFB882 /* Books2Tests */ = {
			isa = PBXGroup;
			children = (
				509A10B7254727E300BFB882 /* Books2Tests.swift */,
				50288BBA255D5D1700D547AE /* ISBNFormatterTests.swift */,
				50288BBF255D5FCA00D547AE /* OpenBDAPITests.swift */,
				509A10B9254727E300BFB882 /* Info.plist */,
			);
			path = Books2Tests;
			sourceTree = "<group>";
		};
		509A10C1254727E300BFB882 /* Books2UITests */ = {
			isa = PBXGroup;
			children = (
				509A10C2254727E300BFB882 /* Books2UITests.swift */,
				509A10C4254727E300BFB882 /* Info.plist */,
			);
			path = Books2UITests;
			sourceTree = "<group>";
		};
		509A111D254874C300BFB882 /* Capture */ = {
			isa = PBXGroup;
			children = (
				509A10F0254872E700BFB882 /* ScannerView.swift */,
				509A1113254873A600BFB882 /* CaptureView.swift */,
				509A1110254873A600BFB882 /* CaptureViewController.swift */,
				509A1111254873A600BFB882 /* CaptureViewController.xib */,
				509A1112254873A600BFB882 /* PreviewView.swift */,
			);
			path = Capture;
			sourceTree = "<group>";
		};
		50CF4A80254ABC7500E698CB /* Frameworks */ = {
			isa = PBXGroup;
			children = (
				50338A8B2567B39D006CF00D /* CoreSpotlight.framework */,
				50338A7C256660FB006CF00D /* MessageUI.framework */,
				50CF4A94254ADE3D00E698CB /* CloudKit.framework */,
				50CF4A81254ABC7500E698CB /* SwiftUIX-master */,
			);
			name = Frameworks;
			sourceTree = "<group>";
		};
/* End PBXGroup section */

/* Begin PBXNativeTarget section */
		509A109C254727E100BFB882 /* Books2 */ = {
			isa = PBXNativeTarget;
			buildConfigurationList = 509A10C7254727E300BFB882 /* Build configuration list for PBXNativeTarget "Books2" */;
			buildPhases = (
				509A1099254727E100BFB882 /* Sources */,
				509A109A254727E100BFB882 /* Frameworks */,
				509A109B254727E100BFB882 /* Resources */,
			);
			buildRules = (
			);
			dependencies = (
			);
			name = Books2;
			packageProductDependencies = (
				50CF4A88254AC54700E698CB /* SwiftUIX */,
				50E7FD54255DFDED0084DD4F /* SwiftyJSON */,
			);
			productName = Books2;
			productReference = 509A109D254727E100BFB882 /* Books2.app */;
			productType = "com.apple.product-type.application";
		};
		509A10B2254727E300BFB882 /* Books2Tests */ = {
			isa = PBXNativeTarget;
			buildConfigurationList = 509A10CA254727E300BFB882 /* Build configuration list for PBXNativeTarget "Books2Tests" */;
			buildPhases = (
				509A10AF254727E300BFB882 /* Sources */,
				509A10B0254727E300BFB882 /* Frameworks */,
				509A10B1254727E300BFB882 /* Resources */,
			);
			buildRules = (
			);
			dependencies = (
				509A10B5254727E300BFB882 /* PBXTargetDependency */,
			);
			name = Books2Tests;
			productName = Books2Tests;
			productReference = 509A10B3254727E300BFB882 /* Books2Tests.xctest */;
			productType = "com.apple.product-type.bundle.unit-test";
		};
		509A10BD254727E300BFB882 /* Books2UITests */ = {
			isa = PBXNativeTarget;
			buildConfigurationList = 509A10CD254727E300BFB882 /* Build configuration list for PBXNativeTarget "Books2UITests" */;
			buildPhases = (
				509A10BA254727E300BFB882 /* Sources */,
				509A10BB254727E300BFB882 /* Frameworks */,
				509A10BC254727E300BFB882 /* Resources */,
			);
			buildRules = (
			);
			dependencies = (
				509A10C0254727E300BFB882 /* PBXTargetDependency */,
			);
			name = Books2UITests;
			productName = Books2UITests;
			productReference = 509A10BE254727E300BFB882 /* Books2UITests.xctest */;
			productType = "com.apple.product-type.bundle.ui-testing";
		};
/* End PBXNativeTarget section */

/* Begin PBXProject section */
		509A1095254727E100BFB882 /* Project object */ = {
			isa = PBXProject;
			attributes = {
				LastSwiftUpdateCheck = 1210;
				LastUpgradeCheck = 1220;
				TargetAttributes = {
					509A109C254727E100BFB882 = {
						CreatedOnToolsVersion = 12.1;
					};
					509A10B2254727E300BFB882 = {
						CreatedOnToolsVersion = 12.1;
						TestTargetID = 509A109C254727E100BFB882;
					};
					509A10BD254727E300BFB882 = {
						CreatedOnToolsVersion = 12.1;
						TestTargetID = 509A109C254727E100BFB882;
					};
				};
			};
			buildConfigurationList = 509A1098254727E100BFB882 /* Build configuration list for PBXProject "Books2" */;
			compatibilityVersion = "Xcode 9.3";
			developmentRegion = en;
			hasScannedForEncodings = 0;
			knownRegions = (
				en,
				Base,
				ja,
			);
			mainGroup = 509A1094254727E100BFB882;
			packageReferences = (
				50E7FD53255DFDED0084DD4F /* XCRemoteSwiftPackageReference "SwiftyJSON" */,
			);
			productRefGroup = 509A109E254727E100BFB882 /* Products */;
			projectDirPath = "";
			projectRoot = "";
			targets = (
				509A109C254727E100BFB882 /* Books2 */,
				509A10B2254727E300BFB882 /* Books2Tests */,
				509A10BD254727E300BFB882 /* Books2UITests */,
			);
		};
/* End PBXProject section */

/* Begin PBXResourcesBuildPhase section */
		509A109B254727E100BFB882 /* Resources */ = {
			isa = PBXResourcesBuildPhase;
			buildActionMask = 2147483647;
			files = (
				509A10A8254727E300BFB882 /* Preview Assets.xcassets in Resources */,
				50B19C67254A5E48001358B8 /* CaptureViewController.xib in Resources */,
				50728BB8256038860041E57F /* acknowledgments.json in Resources */,
				509A10A5254727E300BFB882 /* Assets.xcassets in Resources */,
			);
			runOnlyForDeploymentPostprocessing = 0;
		};
		509A10B1254727E300BFB882 /* Resources */ = {
			isa = PBXResourcesBuildPhase;
			buildActionMask = 2147483647;
			files = (
			);
			runOnlyForDeploymentPostprocessing = 0;
		};
		509A10BC254727E300BFB882 /* Resources */ = {
			isa = PBXResourcesBuildPhase;
			buildActionMask = 2147483647;
			files = (
			);
			runOnlyForDeploymentPostprocessing = 0;
		};
/* End PBXResourcesBuildPhase section */

/* Begin PBXSourcesBuildPhase section */
		509A1099254727E100BFB882 /* Sources */ = {
			isa = PBXSourcesBuildPhase;
			buildActionMask = 2147483647;
			files = (
				50728BA3255FEE1D0041E57F /* TextCopyModifier.swift in Sources */,
				509A10AA254727E300BFB882 /* Persistence.swift in Sources */,
				50338A7825666032006CF00D /* MailView.swift in Sources */,
				50D5476D25605B2E00B8F568 /* AboutView.swift in Sources */,
				50B19C5E2549BDE2001358B8 /* ImageCache.swift in Sources */,
				509A10A3254727E100BFB882 /* ContentView.swift in Sources */,
				506BB442255E51070021C1FE /* CSVExproter.swift in Sources */,
				50728BC82560428B0041E57F /* AcknowledgmentsList.swift in Sources */,
				506BB447255E82620021C1FE /* CSVExportView.swift in Sources */,
				506BB44C255E8FBC0021C1FE /* ActivityView.swift in Sources */,
				50338AA12567CC65006CF00D /* SpotlightManager.swift in Sources */,
				509A1115254873A600BFB882 /* PreviewView.swift in Sources */,
				507BBCA72560EE860037B04D /* SortManager.swift in Sources */,
				50E79959254D8C1300C7816D /* UserDefaultsKeys.swift in Sources */,
				509A10A1254727E100BFB882 /* Books2App.swift in Sources */,
				50D547652560539500B8F568 /* URLExtension.swift in Sources */,
				50A603DF255D941C00E0E3DD /* BookInfoProtocol.swift in Sources */,
				50B19C63254A59FE001358B8 /* BookDetail.swift in Sources */,
				509A1114254873A600BFB882 /* CaptureView.swift in Sources */,
				50E7994F254D7CDB00C7816D /* NotificationNames.swift in Sources */,
				50728BD02560448D0041E57F /* AcknowledgmentsDetail.swift in Sources */,
				509A10DF2547D74A00BFB882 /* OpenBDAPI.swift in Sources */,
				50192FFF25554777006F137F /* ISBNFormatter.swift in Sources */,
				506BB43D255E03D20021C1FE /* ISBNTextField.swift in Sources */,
				50338A822566DC63006CF00D /* BundleExtension.swift in Sources */,
				50728B8F255F9A920041E57F /* ViewControllerResolver.swift in Sources */,
				509A10E42547D7D000BFB882 /* AcknowledgementsText.swift in Sources */,
				50E79954254D89C200C7816D /* Settings.swift in Sources */,
				50338A8725678C51006CF00D /* UIDeviceExtension.swift in Sources */,
				50728BC32560412A0041E57F /* AcknowledgmentsData.swift in Sources */,
				50B19C592549BDD3001358B8 /* URLImage.swift in Sources */,
				50728BB325601D280041E57F /* FetchResultsList.swift in Sources */,
				509A10F1254872E700BFB882 /* ScannerView.swift in Sources */,
				509A10AD254727E300BFB882 /* Books2.xcdatamodeld in Sources */,
				50B19C542549BA47001358B8 /* BookView.swift in Sources */,
				50192FF725554585006F137F /* ISBNManualInput.swift in Sources */,
				5002176925626F970056793E /* StringExtension.swift in Sources */,
				50728B96255FAABE0041E57F /* SearchControllerProvider.swift in Sources */,
				50728BBD25603BB00041E57F /* AcknowledgmentsItem.swift in Sources */,
				509A1116254873A600BFB882 /* CaptureViewController.swift in Sources */,
			);
			runOnlyForDeploymentPostprocessing = 0;
		};
		509A10AF254727E300BFB882 /* Sources */ = {
			isa = PBXSourcesBuildPhase;
			buildActionMask = 2147483647;
			files = (
				50288BC0255D5FCA00D547AE /* OpenBDAPITests.swift in Sources */,
				50288BBB255D5D1700D547AE /* ISBNFormatterTests.swift in Sources */,
				509A10B8254727E300BFB882 /* Books2Tests.swift in Sources */,
			);
			runOnlyForDeploymentPostprocessing = 0;
		};
		509A10BA254727E300BFB882 /* Sources */ = {
			isa = PBXSourcesBuildPhase;
			buildActionMask = 2147483647;
			files = (
				509A10C3254727E300BFB882 /* Books2UITests.swift in Sources */,
			);
			runOnlyForDeploymentPostprocessing = 0;
		};
/* End PBXSourcesBuildPhase section */

/* Begin PBXTargetDependency section */
		509A10B5254727E300BFB882 /* PBXTargetDependency */ = {
			isa = PBXTargetDependency;
			target = 509A109C254727E100BFB882 /* Books2 */;
			targetProxy = 509A10B4254727E300BFB882 /* PBXContainerItemProxy */;
		};
		509A10C0254727E300BFB882 /* PBXTargetDependency */ = {
			isa = PBXTargetDependency;
			target = 509A109C254727E100BFB882 /* Books2 */;
			targetProxy = 509A10BF254727E300BFB882 /* PBXContainerItemProxy */;
		};
/* End PBXTargetDependency section */

/* Begin XCBuildConfiguration section */
		509A10C5254727E300BFB882 /* Debug */ = {
			isa = XCBuildConfiguration;
			buildSettings = {
				ALWAYS_SEARCH_USER_PATHS = NO;
				CLANG_ANALYZER_LOCALIZABILITY_NONLOCALIZED = YES;
				CLANG_ANALYZER_NONNULL = YES;
				CLANG_ANALYZER_NUMBER_OBJECT_CONVERSION = YES_AGGRESSIVE;
				CLANG_CXX_LANGUAGE_STANDARD = "gnu++14";
				CLANG_CXX_LIBRARY = "libc++";
				CLANG_ENABLE_MODULES = YES;
				CLANG_ENABLE_OBJC_ARC = YES;
				CLANG_ENABLE_OBJC_WEAK = YES;
				CLANG_WARN_BLOCK_CAPTURE_AUTORELEASING = YES;
				CLANG_WARN_BOOL_CONVERSION = YES;
				CLANG_WARN_COMMA = YES;
				CLANG_WARN_CONSTANT_CONVERSION = YES;
				CLANG_WARN_DEPRECATED_OBJC_IMPLEMENTATIONS = YES;
				CLANG_WARN_DIRECT_OBJC_ISA_USAGE = YES_ERROR;
				CLANG_WARN_DOCUMENTATION_COMMENTS = YES;
				CLANG_WARN_EMPTY_BODY = YES;
				CLANG_WARN_ENUM_CONVERSION = YES;
				CLANG_WARN_INFINITE_RECURSION = YES;
				CLANG_WARN_INT_CONVERSION = YES;
				CLANG_WARN_NON_LITERAL_NULL_CONVERSION = YES;
				CLANG_WARN_OBJC_IMPLICIT_RETAIN_SELF = YES;
				CLANG_WARN_OBJC_LITERAL_CONVERSION = YES;
				CLANG_WARN_OBJC_ROOT_CLASS = YES_ERROR;
				CLANG_WARN_QUOTED_INCLUDE_IN_FRAMEWORK_HEADER = YES;
				CLANG_WARN_RANGE_LOOP_ANALYSIS = YES;
				CLANG_WARN_STRICT_PROTOTYPES = YES;
				CLANG_WARN_SUSPICIOUS_MOVE = YES;
				CLANG_WARN_UNGUARDED_AVAILABILITY = YES_AGGRESSIVE;
				CLANG_WARN_UNREACHABLE_CODE = YES;
				CLANG_WARN__DUPLICATE_METHOD_MATCH = YES;
				COPY_PHASE_STRIP = NO;
				DEBUG_INFORMATION_FORMAT = dwarf;
				ENABLE_STRICT_OBJC_MSGSEND = YES;
				ENABLE_TESTABILITY = YES;
				GCC_C_LANGUAGE_STANDARD = gnu11;
				GCC_DYNAMIC_NO_PIC = NO;
				GCC_NO_COMMON_BLOCKS = YES;
				GCC_OPTIMIZATION_LEVEL = 0;
				GCC_PREPROCESSOR_DEFINITIONS = (
					"DEBUG=1",
					"$(inherited)",
				);
				GCC_WARN_64_TO_32_BIT_CONVERSION = YES;
				GCC_WARN_ABOUT_RETURN_TYPE = YES_ERROR;
				GCC_WARN_UNDECLARED_SELECTOR = YES;
				GCC_WARN_UNINITIALIZED_AUTOS = YES_AGGRESSIVE;
				GCC_WARN_UNUSED_FUNCTION = YES;
				GCC_WARN_UNUSED_VARIABLE = YES;
				IPHONEOS_DEPLOYMENT_TARGET = 14.0;
				MTL_ENABLE_DEBUG_INFO = INCLUDE_SOURCE;
				MTL_FAST_MATH = YES;
				ONLY_ACTIVE_ARCH = YES;
				SDKROOT = iphoneos;
				SWIFT_ACTIVE_COMPILATION_CONDITIONS = DEBUG;
				SWIFT_OPTIMIZATION_LEVEL = "-Onone";
			};
			name = Debug;
		};
		509A10C6254727E300BFB882 /* Release */ = {
			isa = XCBuildConfiguration;
			buildSettings = {
				ALWAYS_SEARCH_USER_PATHS = NO;
				CLANG_ANALYZER_LOCALIZABILITY_NONLOCALIZED = YES;
				CLANG_ANALYZER_NONNULL = YES;
				CLANG_ANALYZER_NUMBER_OBJECT_CONVERSION = YES_AGGRESSIVE;
				CLANG_CXX_LANGUAGE_STANDARD = "gnu++14";
				CLANG_CXX_LIBRARY = "libc++";
				CLANG_ENABLE_MODULES = YES;
				CLANG_ENABLE_OBJC_ARC = YES;
				CLANG_ENABLE_OBJC_WEAK = YES;
				CLANG_WARN_BLOCK_CAPTURE_AUTORELEASING = YES;
				CLANG_WARN_BOOL_CONVERSION = YES;
				CLANG_WARN_COMMA = YES;
				CLANG_WARN_CONSTANT_CONVERSION = YES;
				CLANG_WARN_DEPRECATED_OBJC_IMPLEMENTATIONS = YES;
				CLANG_WARN_DIRECT_OBJC_ISA_USAGE = YES_ERROR;
				CLANG_WARN_DOCUMENTATION_COMMENTS = YES;
				CLANG_WARN_EMPTY_BODY = YES;
				CLANG_WARN_ENUM_CONVERSION = YES;
				CLANG_WARN_INFINITE_RECURSION = YES;
				CLANG_WARN_INT_CONVERSION = YES;
				CLANG_WARN_NON_LITERAL_NULL_CONVERSION = YES;
				CLANG_WARN_OBJC_IMPLICIT_RETAIN_SELF = YES;
				CLANG_WARN_OBJC_LITERAL_CONVERSION = YES;
				CLANG_WARN_OBJC_ROOT_CLASS = YES_ERROR;
				CLANG_WARN_QUOTED_INCLUDE_IN_FRAMEWORK_HEADER = YES;
				CLANG_WARN_RANGE_LOOP_ANALYSIS = YES;
				CLANG_WARN_STRICT_PROTOTYPES = YES;
				CLANG_WARN_SUSPICIOUS_MOVE = YES;
				CLANG_WARN_UNGUARDED_AVAILABILITY = YES_AGGRESSIVE;
				CLANG_WARN_UNREACHABLE_CODE = YES;
				CLANG_WARN__DUPLICATE_METHOD_MATCH = YES;
				COPY_PHASE_STRIP = NO;
				DEBUG_INFORMATION_FORMAT = "dwarf-with-dsym";
				ENABLE_NS_ASSERTIONS = NO;
				ENABLE_STRICT_OBJC_MSGSEND = YES;
				GCC_C_LANGUAGE_STANDARD = gnu11;
				GCC_NO_COMMON_BLOCKS = YES;
				GCC_WARN_64_TO_32_BIT_CONVERSION = YES;
				GCC_WARN_ABOUT_RETURN_TYPE = YES_ERROR;
				GCC_WARN_UNDECLARED_SELECTOR = YES;
				GCC_WARN_UNINITIALIZED_AUTOS = YES_AGGRESSIVE;
				GCC_WARN_UNUSED_FUNCTION = YES;
				GCC_WARN_UNUSED_VARIABLE = YES;
				IPHONEOS_DEPLOYMENT_TARGET = 14.0;
				MTL_ENABLE_DEBUG_INFO = NO;
				MTL_FAST_MATH = YES;
				SDKROOT = iphoneos;
				SWIFT_COMPILATION_MODE = wholemodule;
				SWIFT_OPTIMIZATION_LEVEL = "-O";
				VALIDATE_PRODUCT = YES;
			};
			name = Release;
		};
		509A10C8254727E300BFB882 /* Debug */ = {
			isa = XCBuildConfiguration;
			buildSettings = {
				ASSETCATALOG_COMPILER_APPICON_NAME = AppIcon;
				ASSETCATALOG_COMPILER_GLOBAL_ACCENT_COLOR_NAME = AccentColor;
				CODE_SIGN_ENTITLEMENTS = Books2/Books2.entitlements;
				CODE_SIGN_STYLE = Automatic;
				DEVELOPMENT_ASSET_PATHS = "\"Books2/Preview Content\"";
				DEVELOPMENT_TEAM = GU23RALJBB;
				ENABLE_PREVIEWS = YES;
				INFOPLIST_FILE = Books2/Info.plist;
				IPHONEOS_DEPLOYMENT_TARGET = 14.0;
				LD_RUNPATH_SEARCH_PATHS = (
					"$(inherited)",
					"@executable_path/Frameworks",
				);
				PRODUCT_BUNDLE_IDENTIFIER = com.hokazono.Books2;
				PRODUCT_NAME = "$(TARGET_NAME)";
				SWIFT_VERSION = 5.0;
				TARGETED_DEVICE_FAMILY = "1,2";
			};
			name = Debug;
		};
		509A10C9254727E300BFB882 /* Release */ = {
			isa = XCBuildConfiguration;
			buildSettings = {
				ASSETCATALOG_COMPILER_APPICON_NAME = AppIcon;
				ASSETCATALOG_COMPILER_GLOBAL_ACCENT_COLOR_NAME = AccentColor;
				CODE_SIGN_ENTITLEMENTS = Books2/Books2.entitlements;
				CODE_SIGN_STYLE = Automatic;
				DEVELOPMENT_ASSET_PATHS = "\"Books2/Preview Content\"";
				DEVELOPMENT_TEAM = GU23RALJBB;
				ENABLE_PREVIEWS = YES;
				INFOPLIST_FILE = Books2/Info.plist;
				IPHONEOS_DEPLOYMENT_TARGET = 14.0;
				LD_RUNPATH_SEARCH_PATHS = (
					"$(inherited)",
					"@executable_path/Frameworks",
				);
				PRODUCT_BUNDLE_IDENTIFIER = com.hokazono.Books2;
				PRODUCT_NAME = "$(TARGET_NAME)";
				SWIFT_VERSION = 5.0;
				TARGETED_DEVICE_FAMILY = "1,2";
			};
			name = Release;
		};
		509A10CB254727E300BFB882 /* Debug */ = {
			isa = XCBuildConfiguration;
			buildSettings = {
				ALWAYS_EMBED_SWIFT_STANDARD_LIBRARIES = YES;
				BUNDLE_LOADER = "$(TEST_HOST)";
				CODE_SIGN_STYLE = Automatic;
				DEVELOPMENT_TEAM = GU23RALJBB;
				INFOPLIST_FILE = Books2Tests/Info.plist;
				IPHONEOS_DEPLOYMENT_TARGET = 14.0;
				LD_RUNPATH_SEARCH_PATHS = (
					"$(inherited)",
					"@executable_path/Frameworks",
					"@loader_path/Frameworks",
				);
				PRODUCT_BUNDLE_IDENTIFIER = com.hokazono.Books2Tests;
				PRODUCT_NAME = "$(TARGET_NAME)";
				SWIFT_VERSION = 5.0;
				TARGETED_DEVICE_FAMILY = "1,2";
				TEST_HOST = "$(BUILT_PRODUCTS_DIR)/Books2.app/Books2";
			};
			name = Debug;
		};
		509A10CC254727E300BFB882 /* Release */ = {
			isa = XCBuildConfiguration;
			buildSettings = {
				ALWAYS_EMBED_SWIFT_STANDARD_LIBRARIES = YES;
				BUNDLE_LOADER = "$(TEST_HOST)";
				CODE_SIGN_STYLE = Automatic;
				DEVELOPMENT_TEAM = GU23RALJBB;
				INFOPLIST_FILE = Books2Tests/Info.plist;
				IPHONEOS_DEPLOYMENT_TARGET = 14.0;
				LD_RUNPATH_SEARCH_PATHS = (
					"$(inherited)",
					"@executable_path/Frameworks",
					"@loader_path/Frameworks",
				);
				PRODUCT_BUNDLE_IDENTIFIER = com.hokazono.Books2Tests;
				PRODUCT_NAME = "$(TARGET_NAME)";
				SWIFT_VERSION = 5.0;
				TARGETED_DEVICE_FAMILY = "1,2";
				TEST_HOST = "$(BUILT_PRODUCTS_DIR)/Books2.app/Books2";
			};
			name = Release;
		};
		509A10CE254727E300BFB882 /* Debug */ = {
			isa = XCBuildConfiguration;
			buildSettings = {
				ALWAYS_EMBED_SWIFT_STANDARD_LIBRARIES = YES;
				CODE_SIGN_STYLE = Automatic;
				DEVELOPMENT_TEAM = GU23RALJBB;
				INFOPLIST_FILE = Books2UITests/Info.plist;
				LD_RUNPATH_SEARCH_PATHS = (
					"$(inherited)",
					"@executable_path/Frameworks",
					"@loader_path/Frameworks",
				);
				PRODUCT_BUNDLE_IDENTIFIER = com.hokazono.Books2UITests;
				PRODUCT_NAME = "$(TARGET_NAME)";
				SWIFT_VERSION = 5.0;
				TARGETED_DEVICE_FAMILY = "1,2";
				TEST_TARGET_NAME = Books2;
			};
			name = Debug;
		};
		509A10CF254727E300BFB882 /* Release */ = {
			isa = XCBuildConfiguration;
			buildSettings = {
				ALWAYS_EMBED_SWIFT_STANDARD_LIBRARIES = YES;
				CODE_SIGN_STYLE = Automatic;
				DEVELOPMENT_TEAM = GU23RALJBB;
				INFOPLIST_FILE = Books2UITests/Info.plist;
				LD_RUNPATH_SEARCH_PATHS = (
					"$(inherited)",
					"@executable_path/Frameworks",
					"@loader_path/Frameworks",
				);
				PRODUCT_BUNDLE_IDENTIFIER = com.hokazono.Books2UITests;
				PRODUCT_NAME = "$(TARGET_NAME)";
				SWIFT_VERSION = 5.0;
				TARGETED_DEVICE_FAMILY = "1,2";
				TEST_TARGET_NAME = Books2;
			};
			name = Release;
		};
/* End XCBuildConfiguration section */

/* Begin XCConfigurationList section */
		509A1098254727E100BFB882 /* Build configuration list for PBXProject "Books2" */ = {
			isa = XCConfigurationList;
			buildConfigurations = (
				509A10C5254727E300BFB882 /* Debug */,
				509A10C6254727E300BFB882 /* Release */,
			);
			defaultConfigurationIsVisible = 0;
			defaultConfigurationName = Release;
		};
		509A10C7254727E300BFB882 /* Build configuration list for PBXNativeTarget "Books2" */ = {
			isa = XCConfigurationList;
			buildConfigurations = (
				509A10C8254727E300BFB882 /* Debug */,
				509A10C9254727E300BFB882 /* Release */,
			);
			defaultConfigurationIsVisible = 0;
			defaultConfigurationName = Release;
		};
		509A10CA254727E300BFB882 /* Build configuration list for PBXNativeTarget "Books2Tests" */ = {
			isa = XCConfigurationList;
			buildConfigurations = (
				509A10CB254727E300BFB882 /* Debug */,
				509A10CC254727E300BFB882 /* Release */,
			);
			defaultConfigurationIsVisible = 0;
			defaultConfigurationName = Release;
		};
		509A10CD254727E300BFB882 /* Build configuration list for PBXNativeTarget "Books2UITests" */ = {
			isa = XCConfigurationList;
			buildConfigurations = (
				509A10CE254727E300BFB882 /* Debug */,
				509A10CF254727E300BFB882 /* Release */,
			);
			defaultConfigurationIsVisible = 0;
			defaultConfigurationName = Release;
		};
/* End XCConfigurationList section */

/* Begin XCRemoteSwiftPackageReference section */
		50E7FD53255DFDED0084DD4F /* XCRemoteSwiftPackageReference "SwiftyJSON" */ = {
			isa = XCRemoteSwiftPackageReference;
			repositoryURL = "https://github.com/SwiftyJSON/SwiftyJSON.git";
			requirement = {
				branch = master;
				kind = branch;
			};
		};
/* End XCRemoteSwiftPackageReference section */

/* Begin XCSwiftPackageProductDependency section */
		50CF4A88254AC54700E698CB /* SwiftUIX */ = {
			isa = XCSwiftPackageProductDependency;
			productName = SwiftUIX;
		};
		50E7FD54255DFDED0084DD4F /* SwiftyJSON */ = {
			isa = XCSwiftPackageProductDependency;
			package = 50E7FD53255DFDED0084DD4F /* XCRemoteSwiftPackageReference "SwiftyJSON" */;
			productName = SwiftyJSON;
		};
/* End XCSwiftPackageProductDependency section */

/* Begin XCVersionGroup section */
		509A10AB254727E300BFB882 /* Books2.xcdatamodeld */ = {
			isa = XCVersionGroup;
			children = (
				509A10AC254727E300BFB882 /* Books2.xcdatamodel */,
			);
			currentVersion = 509A10AC254727E300BFB882 /* Books2.xcdatamodel */;
			path = Books2.xcdatamodeld;
			sourceTree = "<group>";
			versionGroupType = wrapper.xcdatamodel;
		};
/* End XCVersionGroup section */
	};
	rootObject = 509A1095254727E100BFB882 /* Project object */;
}
